
Microsoft Visual Studio Solution File, Format Version 12.00
# Visual Studio Version 17
VisualStudioVersion = 17.0.31919.166
MinimumVisualStudioVersion = 10.0.40219.1
Project("{9A19103F-16F7-4668-BE54-9A1E7A4F7556}") = "ModernModellingWarfare", "ModernModellingWarfare.csproj", "{07D96F82-B158-4912-93C6-9B807EAF345D}"
EndProject
Project("{9A19103F-16F7-4668-BE54-9A1E7A4F7556}") = "CascLib.NET", "..\CascLib.NET\CascLib.NET.csproj", "{669AADD4-3576-4412-B964-60C4FE779F24}"
EndProject
Project("{9A19103F-16F7-4668-BE54-9A1E7A4F7556}") = "PhilLibX", "..\PhilLibX\PhilLibX.csproj", "{CC073D82-3A87-4E4A-ADCF-71401E16408D}"
EndProject
Project("{8BC9CEB8-8B4A-11D0-8D11-00A0C91BC942}") = "PhilLibX.Imaging.DirectXTex", "..\PhilLibX.Imaging.DirectXTex\PhilLibX.Imaging.DirectXTex.vcxproj", "{84D40219-8458-4299-AC0C-42A81F5780A6}"
EndProject
Global
	GlobalSection(SolutionConfigurationPlatforms) = preSolution
		Debug|Any CPU = Debug|Any CPU
		Debug|x64 = Debug|x64
		Debug|x86 = Debug|x86
		Release|Any CPU = Release|Any CPU
		Release|x64 = Release|x64
		Release|x86 = Release|x86
	EndGlobalSection
	GlobalSection(ProjectConfigurationPlatforms) = postSolution
		{07D96F82-B158-4912-93C6-9B807EAF345D}.Debug|Any CPU.ActiveCfg = Debug|Any CPU
		{07D96F82-B158-4912-93C6-9B807EAF345D}.Debug|Any CPU.Build.0 = Debug|Any CPU
		{07D96F82-B158-4912-93C6-9B807EAF345D}.Debug|x64.ActiveCfg = Debug|x64
		{07D96F82-B158-4912-93C6-9B807EAF345D}.Debug|x64.Build.0 = Debug|x64
		{07D96F82-B158-4912-93C6-9B807EAF345D}.Debug|x86.ActiveCfg = Debug|Any CPU
		{07D96F82-B158-4912-93C6-9B807EAF345D}.Debug|x86.Build.0 = Debug|Any CPU
		{07D96F82-B158-4912-93C6-9B807EAF345D}.Release|Any CPU.ActiveCfg = Release|Any CPU
		{07D96F82-B158-4912-93C6-9B807EAF345D}.Release|Any CPU.Build.0 = Release|Any CPU
		{07D96F82-B158-4912-93C6-9B807EAF345D}.Release|x64.ActiveCfg = Release|x64
		{07D96F82-B158-4912-93C6-9B807EAF345D}.Release|x64.Build.0 = Release|x64
		{07D96F82-B158-4912-93C6-9B807EAF345D}.Release|x86.ActiveCfg = Release|Any CPU
		{07D96F82-B158-4912-93C6-9B807EAF345D}.Release|x86.Build.0 = Release|Any CPU
		{669AADD4-3576-4412-B964-60C4FE779F24}.Debug|Any CPU.ActiveCfg = Debug|Any CPU
		{669AADD4-3576-4412-B964-60C4FE779F24}.Debug|Any CPU.Build.0 = Debug|Any CPU
		{669AADD4-3576-4412-B964-60C4FE779F24}.Debug|x64.ActiveCfg = Debug|x64
		{669AADD4-3576-4412-B964-60C4FE779F24}.Debug|x64.Build.0 = Debug|x64
		{669AADD4-3576-4412-B964-60C4FE779F24}.Debug|x86.ActiveCfg = Debug|Any CPU
		{669AADD4-3576-4412-B964-60C4FE779F24}.Debug|x86.Build.0 = Debug|Any CPU
		{669AADD4-3576-4412-B964-60C4FE779F24}.Release|Any CPU.ActiveCfg = Release|Any CPU
		{669AADD4-3576-4412-B964-60C4FE779F24}.Release|Any CPU.Build.0 = Release|Any CPU
		{669AADD4-3576-4412-B964-60C4FE779F24}.Release|x64.ActiveCfg = Release|x64
		{669AADD4-3576-4412-B964-60C4FE779F24}.Release|x64.Build.0 = Release|x64
		{669AADD4-3576-4412-B964-60C4FE779F24}.Release|x86.ActiveCfg = Release|Any CPU
		{669AADD4-3576-4412-B964-60C4FE779F24}.Release|x86.Build.0 = Release|Any CPU
		{CC073D82-3A87-4E4A-ADCF-71401E16408D}.Debug|Any CPU.ActiveCfg = Debug|Any CPU
		{CC073D82-3A87-4E4A-ADCF-71401E16408D}.Debug|Any CPU.Build.0 = Debug|Any CPU
		{CC073D82-3A87-4E4A-ADCF-71401E16408D}.Debug|x64.ActiveCfg = Debug|x64
		{CC073D82-3A87-4E4A-ADCF-71401E16408D}.Debug|x64.Build.0 = Debug|x64
		{CC073D82-3A87-4E4A-ADCF-71401E16408D}.Debug|x86.ActiveCfg = Debug|Any CPU
		{CC073D82-3A87-4E4A-ADCF-71401E16408D}.Debug|x86.Build.0 = Debug|Any CPU
		{CC073D82-3A87-4E4A-ADCF-71401E16408D}.Release|Any CPU.ActiveCfg = Release|Any CPU
		{CC073D82-3A87-4E4A-ADCF-71401E16408D}.Release|Any CPU.Build.0 = Release|Any CPU
		{CC073D82-3A87-4E4A-ADCF-71401E16408D}.Release|x64.ActiveCfg = Release|x64
		{CC073D82-3A87-4E4A-ADCF-71401E16408D}.Release|x64.Build.0 = Release|x64
		{CC073D82-3A87-4E4A-ADCF-71401E16408D}.Release|x86.ActiveCfg = Release|Any CPU
		{CC073D82-3A87-4E4A-ADCF-71401E16408D}.Release|x86.Build.0 = Release|Any CPU
		{84D40219-8458-4299-AC0C-42A81F5780A6}.Debug|Any CPU.ActiveCfg = Debug|x64
		{84D40219-8458-4299-AC0C-42A81F5780A6}.Debug|Any CPU.Build.0 = Debug|x64
		{84D40219-8458-4299-AC0C-42A81F5780A6}.Debug|x64.ActiveCfg = Debug|x64
		{84D40219-8458-4299-AC0C-42A81F5780A6}.Debug|x64.Build.0 = Debug|x64
		{84D40219-8458-4299-AC0C-42A81F5780A6}.Debug|x86.ActiveCfg = Debug|Win32
		{84D40219-8458-4299-AC0C-42A81F5780A6}.Debug|x86.Build.0 = Debug|Win32
		{84D40219-8458-4299-AC0C-42A81F5780A6}.Release|Any CPU.ActiveCfg = Release|x64
		{84D40219-8458-4299-AC0C-42A81F5780A6}.Release|Any CPU.Build.0 = Release|x64
		{84D40219-8458-4299-AC0C-42A81F5780A6}.Release|x64.ActiveCfg = Release|x64
		{84D40219-8458-4299-AC0C-42A81F5780A6}.Release|x64.Build.0 = Release|x64
		{84D40219-8458-4299-AC0C-42A81F5780A6}.Release|x86.ActiveCfg = Release|Win32
		{84D40219-8458-4299-AC0C-42A81F5780A6}.Release|x86.Build.0 = Release|Win32
	EndGlobalSection
	GlobalSection(SolutionProperties) = preSolution
		HideSolutionNode = FALSE
	EndGlobalSection
	GlobalSection(ExtensibilityGlobals) = postSolution
		SolutionGuid = {0F85C418-4340-428A-B750-B18CFA2CC6B6}
	EndGlobalSection
EndGlobal
